
Microsoft Visual Studio Solution File, Format Version 12.00
# Visual Studio 15
VisualStudioVersion = 15.0.27703.2047
MinimumVisualStudioVersion = 10.0.40219.1
Project("{9A19103F-16F7-4668-BE54-9A1E7A4F7556}") = "AuthServer", "AuthServer\AuthServer.csproj", "{DFA45D35-CC04-4814-A006-C74942DF5CD0}"
EndProject
Project("{9A19103F-16F7-4668-BE54-9A1E7A4F7556}") = "ResourceServer", "ResourceServer\ResourceServer.csproj", "{EE9D8C73-DDE9-4D09-9948-CCF00F085485}"
EndProject
Project("{9A19103F-16F7-4668-BE54-9A1E7A4F7556}") = "ClientCredentialsApp", "ClientCredentialsApp\ClientCredentialsApp.csproj", "{D63D87D7-B355-4B8A-AF26-9AC6D8D5141D}"
EndProject
Project("{9A19103F-16F7-4668-BE54-9A1E7A4F7556}") = "ResourceOwnerPasswordApp", "ResourceOwnerPasswordApp\ResourceOwnerPasswordApp.csproj", "{0CE985BA-EC27-4E54-ABA0-039311992E03}"
EndProject
Project("{9A19103F-16F7-4668-BE54-9A1E7A4F7556}") = "AuthorizationCodeApp", "AuthorizationCodeApp\AuthorizationCodeApp.csproj", "{1B3EB602-F150-445A-916E-DA5D31F49D14}"
EndProject
Project("{2150E333-8FDC-42A3-9474-1A3956D46DE8}") = "Clients", "Clients", "{2162C41B-E5FE-4BB1-A2F0-6B33D325A9C2}"
EndProject
Project("{9A19103F-16F7-4668-BE54-9A1E7A4F7556}") = "ImplicitFlowApp", "ImplicitFlowApp\ImplicitFlowApp.csproj", "{99D68717-ACB7-45F9-B4C7-52DADFEE0D07}"
EndProject
Project("{FAE04EC0-301F-11D3-BF4B-00C04F79EFBC}") = "HybridApp", "HybridApp\HybridApp.csproj", "{4C86925F-1D95-4E38-9E48-32A3BE1C2C6A}"
EndProject
Global
	GlobalSection(SolutionConfigurationPlatforms) = preSolution
		Debug|Any CPU = Debug|Any CPU
		Release|Any CPU = Release|Any CPU
	EndGlobalSection
	GlobalSection(ProjectConfigurationPlatforms) = postSolution
		{DFA45D35-CC04-4814-A006-C74942DF5CD0}.Debug|Any CPU.ActiveCfg = Debug|Any CPU
		{DFA45D35-CC04-4814-A006-C74942DF5CD0}.Debug|Any CPU.Build.0 = Debug|Any CPU
		{DFA45D35-CC04-4814-A006-C74942DF5CD0}.Release|Any CPU.ActiveCfg = Release|Any CPU
		{DFA45D35-CC04-4814-A006-C74942DF5CD0}.Release|Any CPU.Build.0 = Release|Any CPU
		{EE9D8C73-DDE9-4D09-9948-CCF00F085485}.Debug|Any CPU.ActiveCfg = Debug|Any CPU
		{EE9D8C73-DDE9-4D09-9948-CCF00F085485}.Debug|Any CPU.Build.0 = Debug|Any CPU
		{EE9D8C73-DDE9-4D09-9948-CCF00F085485}.Release|Any CPU.ActiveCfg = Release|Any CPU
		{EE9D8C73-DDE9-4D09-9948-CCF00F085485}.Release|Any CPU.Build.0 = Release|Any CPU
		{D63D87D7-B355-4B8A-AF26-9AC6D8D5141D}.Debug|Any CPU.ActiveCfg = Debug|Any CPU
		{D63D87D7-B355-4B8A-AF26-9AC6D8D5141D}.Debug|Any CPU.Build.0 = Debug|Any CPU
		{D63D87D7-B355-4B8A-AF26-9AC6D8D5141D}.Release|Any CPU.ActiveCfg = Release|Any CPU
		{D63D87D7-B355-4B8A-AF26-9AC6D8D5141D}.Release|Any CPU.Build.0 = Release|Any CPU
		{0CE985BA-EC27-4E54-ABA0-039311992E03}.Debug|Any CPU.ActiveCfg = Debug|Any CPU
		{0CE985BA-EC27-4E54-ABA0-039311992E03}.Debug|Any CPU.Build.0 = Debug|Any CPU
		{0CE985BA-EC27-4E54-ABA0-039311992E03}.Release|Any CPU.ActiveCfg = Release|Any CPU
		{0CE985BA-EC27-4E54-ABA0-039311992E03}.Release|Any CPU.Build.0 = Release|Any CPU
		{1B3EB602-F150-445A-916E-DA5D31F49D14}.Debug|Any CPU.ActiveCfg = Debug|Any CPU
		{1B3EB602-F150-445A-916E-DA5D31F49D14}.Debug|Any CPU.Build.0 = Debug|Any CPU
		{1B3EB602-F150-445A-916E-DA5D31F49D14}.Release|Any CPU.ActiveCfg = Release|Any CPU
		{1B3EB602-F150-445A-916E-DA5D31F49D14}.Release|Any CPU.Build.0 = Release|Any CPU
		{99D68717-ACB7-45F9-B4C7-52DADFEE0D07}.Debug|Any CPU.ActiveCfg = Debug|Any CPU
		{99D68717-ACB7-45F9-B4C7-52DADFEE0D07}.Debug|Any CPU.Build.0 = Debug|Any CPU
		{99D68717-ACB7-45F9-B4C7-52DADFEE0D07}.Release|Any CPU.ActiveCfg = Release|Any CPU
		{99D68717-ACB7-45F9-B4C7-52DADFEE0D07}.Release|Any CPU.Build.0 = Release|Any CPU
		{4C86925F-1D95-4E38-9E48-32A3BE1C2C6A}.Debug|Any CPU.ActiveCfg = Debug|Any CPU
		{4C86925F-1D95-4E38-9E48-32A3BE1C2C6A}.Debug|Any CPU.Build.0 = Debug|Any CPU
		{4C86925F-1D95-4E38-9E48-32A3BE1C2C6A}.Release|Any CPU.ActiveCfg = Release|Any CPU
		{4C86925F-1D95-4E38-9E48-32A3BE1C2C6A}.Release|Any CPU.Build.0 = Release|Any CPU
	EndGlobalSection
	GlobalSection(SolutionProperties) = preSolution
		HideSolutionNode = FALSE
	EndGlobalSection
	GlobalSection(NestedProjects) = preSolution
		{D63D87D7-B355-4B8A-AF26-9AC6D8D5141D} = {2162C41B-E5FE-4BB1-A2F0-6B33D325A9C2}
		{0CE985BA-EC27-4E54-ABA0-039311992E03} = {2162C41B-E5FE-4BB1-A2F0-6B33D325A9C2}
		{1B3EB602-F150-445A-916E-DA5D31F49D14} = {2162C41B-E5FE-4BB1-A2F0-6B33D325A9C2}
		{99D68717-ACB7-45F9-B4C7-52DADFEE0D07} = {2162C41B-E5FE-4BB1-A2F0-6B33D325A9C2}
		{4C86925F-1D95-4E38-9E48-32A3BE1C2C6A} = {2162C41B-E5FE-4BB1-A2F0-6B33D325A9C2}
	EndGlobalSection
	GlobalSection(ExtensibilityGlobals) = postSolution
		SolutionGuid = {C98F20FD-AACC-471E-8C23-938451518661}
	EndGlobalSection
EndGlobal
